
Microsoft Visual Studio Solution File, Format Version 12.00
# Visual Studio Version 16
VisualStudioVersion = 16.0.31229.75
MinimumVisualStudioVersion = 10.0.40219.1
Project("{FAE04EC0-301F-11D3-BF4B-00C04F79EFBC}") = "GenshinAutoFish", "GenshinAutoFish\GenshinAutoFish.csproj", "{F17BE4C5-926C-456D-9CC0-606DAE304ED8}"
EndProject
Global
	GlobalSection(SolutionConfigurationPlatforms) = preSolution
		Debug|Any CPU = Debug|Any CPU
		Release|Any CPU = Release|Any CPU
	EndGlobalSection
	GlobalSection(ProjectConfigurationPlatforms) = postSolution
		{F17BE4C5-926C-456D-9CC0-606DAE304ED8}.Debug|Any CPU.ActiveCfg = Debug|Any CPU
		{F17BE4C5-926C-456D-9CC0-606DAE304ED8}.Debug|Any CPU.Build.0 = Debug|Any CPU
		{F17BE4C5-926C-456D-9CC0-606DAE304ED8}.Release|Any CPU.ActiveCfg = Release|Any CPU
		{F17BE4C5-926C-456D-9CC0-606DAE304ED8}.Release|Any CPU.Build.0 = Release|Any CPU
	EndGlobalSection
	GlobalSection(SolutionProperties) = preSolution
		HideSolutionNode = FALSE
	EndGlobalSection
	GlobalSection(ExtensibilityGlobals) = postSolution
		SolutionGuid = {DFA8F1CD-513D-45D7-856D-378146C4D367}
	EndGlobalSection
EndGlobal
